
Microsoft Visual Studio Solution File, Format Version 12.00
# Visual Studio 15
VisualStudioVersion = 15.0.27703.2035
MinimumVisualStudioVersion = 10.0.40219.1
Project("{9A19103F-16F7-4668-BE54-9A1E7A4F7556}") = "ModeloCozinhaIndustrialExemplo1", "ModeloCozinhaIndustrialExemplo1\ModeloCozinhaIndustrialExemplo1.csproj", "{58B72744-1B07-4B9A-B8E3-A305CF243CFD}"
EndProject
Project("{9A19103F-16F7-4668-BE54-9A1E7A4F7556}") = "ModeloCozinhaIndustrialExemplo2", "ModeloCozinhaIndustrialExemplo2\ModeloCozinhaIndustrialExemplo2.csproj", "{5F6D3920-1C9F-4F47-A13C-E06D7084BC00}"
EndProject
Global
	GlobalSection(SolutionConfigurationPlatforms) = preSolution
		Debug|Any CPU = Debug|Any CPU
		Release|Any CPU = Release|Any CPU
	EndGlobalSection
	GlobalSection(ProjectConfigurationPlatforms) = postSolution
		{58B72744-1B07-4B9A-B8E3-A305CF243CFD}.Debug|Any CPU.ActiveCfg = Debug|Any CPU
		{58B72744-1B07-4B9A-B8E3-A305CF243CFD}.Debug|Any CPU.Build.0 = Debug|Any CPU
		{58B72744-1B07-4B9A-B8E3-A305CF243CFD}.Release|Any CPU.ActiveCfg = Release|Any CPU
		{58B72744-1B07-4B9A-B8E3-A305CF243CFD}.Release|Any CPU.Build.0 = Release|Any CPU
		{5F6D3920-1C9F-4F47-A13C-E06D7084BC00}.Debug|Any CPU.ActiveCfg = Debug|Any CPU
		{5F6D3920-1C9F-4F47-A13C-E06D7084BC00}.Debug|Any CPU.Build.0 = Debug|Any CPU
		{5F6D3920-1C9F-4F47-A13C-E06D7084BC00}.Release|Any CPU.ActiveCfg = Release|Any CPU
		{5F6D3920-1C9F-4F47-A13C-E06D7084BC00}.Release|Any CPU.Build.0 = Release|Any CPU
	EndGlobalSection
	GlobalSection(SolutionProperties) = preSolution
		HideSolutionNode = FALSE
	EndGlobalSection
	GlobalSection(ExtensibilityGlobals) = postSolution
		SolutionGuid = {D4C2F59D-2448-4DF5-AFAA-D1688A98F3D1}
	EndGlobalSection
EndGlobal
